
Microsoft Visual Studio Solution File, Format Version 12.00
# Visual Studio Version 17
VisualStudioVersion = 17.0.31903.59
MinimumVisualStudioVersion = 10.0.40219.1
Project("{2150E333-8FDC-42A3-9474-1A3956D46DE8}") = "src", "src", "{4781CD53-E70C-49E8-A1EE-C2AEE8456937}"
EndProject
Project("{2150E333-8FDC-42A3-9474-1A3956D46DE8}") = "Apis", "Apis", "{B01484A4-AA59-4FED-89CC-0C39A8F2513A}"
EndProject
Project("{2150E333-8FDC-42A3-9474-1A3956D46DE8}") = "goals-api", "goals-api", "{851E6CD1-DDA7-48EA-B86F-1BBEEE9311D6}"
EndProject
Project("{FAE04EC0-301F-11D3-BF4B-00C04F79EFBC}") = "Goals.Api.Domain", "src\Apis\goals-api\Goals.Api.Domain\Goals.Api.Domain.csproj", "{76C36329-ABA7-4107-8129-42C40BB875DC}"
EndProject
Project("{FAE04EC0-301F-11D3-BF4B-00C04F79EFBC}") = "Goals.Api.DataPersistence", "src\Apis\goals-api\Goals.Api.DataPersistence\Goals.Api.DataPersistence.csproj", "{B3ABEF51-3EFC-4FC7-B815-AEA00BB333DF}"
EndProject
Project("{FAE04EC0-301F-11D3-BF4B-00C04F79EFBC}") = "Goals.Api.Core", "src\Apis\goals-api\Goals.Api.Core\Goals.Api.Core.csproj", "{83E9FDE5-D523-4AD2-A4D1-3839A5260A84}"
EndProject
Project("{FAE04EC0-301F-11D3-BF4B-00C04F79EFBC}") = "Goals.Api", "src\Apis\goals-api\Goals.Api\Goals.Api.csproj", "{F19D865E-525A-4ED2-84E2-A26E96A3491A}"
EndProject
Project("{2150E333-8FDC-42A3-9474-1A3956D46DE8}") = "Libraries", "Libraries", "{E6BFE860-83EF-4353-BF19-6D71906F7783}"
EndProject
Project("{FAE04EC0-301F-11D3-BF4B-00C04F79EFBC}") = "Libraries.Common", "src\Libraries\Libraries.Common\Libraries.Common.csproj", "{74B0A868-CB17-4FAA-9284-74016DFF3DF9}"
EndProject
Project("{FAE04EC0-301F-11D3-BF4B-00C04F79EFBC}") = "Libraries.DataInfrastructure", "src\Libraries\Libraries.DataInfrastructure\Libraries.DataInfrastructure.csproj", "{42732C0C-AE5D-4DCA-A39B-FA832A7BEB60}"
EndProject
Project("{2150E333-8FDC-42A3-9474-1A3956D46DE8}") = "identity-server", "identity-server", "{56CB6977-6CE7-4D11-8DBB-A67F02BE60DE}"
EndProject
Project("{FAE04EC0-301F-11D3-BF4B-00C04F79EFBC}") = "IdentityServer", "src\Apis\identity-server\IdentityServer\IdentityServer.csproj", "{403A9E50-E134-4AD0-9C61-6F460F363F95}"
EndProject
Project("{FAE04EC0-301F-11D3-BF4B-00C04F79EFBC}") = "IdentityServer.DataAccess", "src\Apis\identity-server\IdentityServer.DataAccess\IdentityServer.DataAccess.csproj", "{B51C506B-031A-4489-BF03-DD3CB75FCB1A}"
EndProject
Project("{2150E333-8FDC-42A3-9474-1A3956D46DE8}") = "profile-api", "profile-api", "{35CEABFF-8826-472A-9F57-A92B0B1CCC59}"
EndProject
Project("{FAE04EC0-301F-11D3-BF4B-00C04F79EFBC}") = "Profile.Api.Domain", "src\Apis\profile-api\Profile.Api.Domain\Profile.Api.Domain.csproj", "{3F9E62D0-E6DA-44B9-99BB-2449D2A3C7FF}"
EndProject
Project("{FAE04EC0-301F-11D3-BF4B-00C04F79EFBC}") = "Profile.Api.DataPersistence", "src\Apis\profile-api\Profile.Api.DataPersistence\Profile.Api.DataPersistence.csproj", "{5F4A67E4-4B23-4441-B167-C7A00CABAB1E}"
EndProject
Project("{FAE04EC0-301F-11D3-BF4B-00C04F79EFBC}") = "Profile.Api.Core", "src\Apis\profile-api\Profile.Api.Core\Profile.Api.Core.csproj", "{4C7942A5-D8BB-4C9C-969A-DB3755AA8991}"
EndProject
Project("{FAE04EC0-301F-11D3-BF4B-00C04F79EFBC}") = "Profile.Api", "src\Apis\profile-api\Profile.Api\Profile.Api.csproj", "{D190AF56-E445-455E-8630-464CB95329B6}"
EndProject
Project("{FAE04EC0-301F-11D3-BF4B-00C04F79EFBC}") = "Libraries.Api", "src\Libraries\Libraries.Api\Libraries.Api.csproj", "{15D90011-B120-4755-BAEF-C208D41E54A3}"
EndProject
Global
	GlobalSection(SolutionConfigurationPlatforms) = preSolution
		Debug|Any CPU = Debug|Any CPU
		Release|Any CPU = Release|Any CPU
	EndGlobalSection
	GlobalSection(ProjectConfigurationPlatforms) = postSolution
		{76C36329-ABA7-4107-8129-42C40BB875DC}.Debug|Any CPU.ActiveCfg = Debug|Any CPU
		{76C36329-ABA7-4107-8129-42C40BB875DC}.Debug|Any CPU.Build.0 = Debug|Any CPU
		{76C36329-ABA7-4107-8129-42C40BB875DC}.Release|Any CPU.ActiveCfg = Release|Any CPU
		{76C36329-ABA7-4107-8129-42C40BB875DC}.Release|Any CPU.Build.0 = Release|Any CPU
		{B3ABEF51-3EFC-4FC7-B815-AEA00BB333DF}.Debug|Any CPU.ActiveCfg = Debug|Any CPU
		{B3ABEF51-3EFC-4FC7-B815-AEA00BB333DF}.Debug|Any CPU.Build.0 = Debug|Any CPU
		{B3ABEF51-3EFC-4FC7-B815-AEA00BB333DF}.Release|Any CPU.ActiveCfg = Release|Any CPU
		{B3ABEF51-3EFC-4FC7-B815-AEA00BB333DF}.Release|Any CPU.Build.0 = Release|Any CPU
		{83E9FDE5-D523-4AD2-A4D1-3839A5260A84}.Debug|Any CPU.ActiveCfg = Debug|Any CPU
		{83E9FDE5-D523-4AD2-A4D1-3839A5260A84}.Debug|Any CPU.Build.0 = Debug|Any CPU
		{83E9FDE5-D523-4AD2-A4D1-3839A5260A84}.Release|Any CPU.ActiveCfg = Release|Any CPU
		{83E9FDE5-D523-4AD2-A4D1-3839A5260A84}.Release|Any CPU.Build.0 = Release|Any CPU
		{F19D865E-525A-4ED2-84E2-A26E96A3491A}.Debug|Any CPU.ActiveCfg = Debug|Any CPU
		{F19D865E-525A-4ED2-84E2-A26E96A3491A}.Debug|Any CPU.Build.0 = Debug|Any CPU
		{F19D865E-525A-4ED2-84E2-A26E96A3491A}.Release|Any CPU.ActiveCfg = Release|Any CPU
		{F19D865E-525A-4ED2-84E2-A26E96A3491A}.Release|Any CPU.Build.0 = Release|Any CPU
		{74B0A868-CB17-4FAA-9284-74016DFF3DF9}.Debug|Any CPU.ActiveCfg = Debug|Any CPU
		{74B0A868-CB17-4FAA-9284-74016DFF3DF9}.Debug|Any CPU.Build.0 = Debug|Any CPU
		{74B0A868-CB17-4FAA-9284-74016DFF3DF9}.Release|Any CPU.ActiveCfg = Release|Any CPU
		{74B0A868-CB17-4FAA-9284-74016DFF3DF9}.Release|Any CPU.Build.0 = Release|Any CPU
		{42732C0C-AE5D-4DCA-A39B-FA832A7BEB60}.Debug|Any CPU.ActiveCfg = Debug|Any CPU
		{42732C0C-AE5D-4DCA-A39B-FA832A7BEB60}.Debug|Any CPU.Build.0 = Debug|Any CPU
		{42732C0C-AE5D-4DCA-A39B-FA832A7BEB60}.Release|Any CPU.ActiveCfg = Release|Any CPU
		{42732C0C-AE5D-4DCA-A39B-FA832A7BEB60}.Release|Any CPU.Build.0 = Release|Any CPU
		{403A9E50-E134-4AD0-9C61-6F460F363F95}.Debug|Any CPU.ActiveCfg = Debug|Any CPU
		{403A9E50-E134-4AD0-9C61-6F460F363F95}.Debug|Any CPU.Build.0 = Debug|Any CPU
		{403A9E50-E134-4AD0-9C61-6F460F363F95}.Release|Any CPU.ActiveCfg = Release|Any CPU
		{403A9E50-E134-4AD0-9C61-6F460F363F95}.Release|Any CPU.Build.0 = Release|Any CPU
		{B51C506B-031A-4489-BF03-DD3CB75FCB1A}.Debug|Any CPU.ActiveCfg = Debug|Any CPU
		{B51C506B-031A-4489-BF03-DD3CB75FCB1A}.Debug|Any CPU.Build.0 = Debug|Any CPU
		{B51C506B-031A-4489-BF03-DD3CB75FCB1A}.Release|Any CPU.ActiveCfg = Release|Any CPU
		{B51C506B-031A-4489-BF03-DD3CB75FCB1A}.Release|Any CPU.Build.0 = Release|Any CPU
		{3F9E62D0-E6DA-44B9-99BB-2449D2A3C7FF}.Debug|Any CPU.ActiveCfg = Debug|Any CPU
		{3F9E62D0-E6DA-44B9-99BB-2449D2A3C7FF}.Debug|Any CPU.Build.0 = Debug|Any CPU
		{3F9E62D0-E6DA-44B9-99BB-2449D2A3C7FF}.Release|Any CPU.ActiveCfg = Release|Any CPU
		{3F9E62D0-E6DA-44B9-99BB-2449D2A3C7FF}.Release|Any CPU.Build.0 = Release|Any CPU
		{5F4A67E4-4B23-4441-B167-C7A00CABAB1E}.Debug|Any CPU.ActiveCfg = Debug|Any CPU
		{5F4A67E4-4B23-4441-B167-C7A00CABAB1E}.Debug|Any CPU.Build.0 = Debug|Any CPU
		{5F4A67E4-4B23-4441-B167-C7A00CABAB1E}.Release|Any CPU.ActiveCfg = Release|Any CPU
		{5F4A67E4-4B23-4441-B167-C7A00CABAB1E}.Release|Any CPU.Build.0 = Release|Any CPU
		{4C7942A5-D8BB-4C9C-969A-DB3755AA8991}.Debug|Any CPU.ActiveCfg = Debug|Any CPU
		{4C7942A5-D8BB-4C9C-969A-DB3755AA8991}.Debug|Any CPU.Build.0 = Debug|Any CPU
		{4C7942A5-D8BB-4C9C-969A-DB3755AA8991}.Release|Any CPU.ActiveCfg = Release|Any CPU
		{4C7942A5-D8BB-4C9C-969A-DB3755AA8991}.Release|Any CPU.Build.0 = Release|Any CPU
		{D190AF56-E445-455E-8630-464CB95329B6}.Debug|Any CPU.ActiveCfg = Debug|Any CPU
		{D190AF56-E445-455E-8630-464CB95329B6}.Debug|Any CPU.Build.0 = Debug|Any CPU
		{D190AF56-E445-455E-8630-464CB95329B6}.Release|Any CPU.ActiveCfg = Release|Any CPU
		{D190AF56-E445-455E-8630-464CB95329B6}.Release|Any CPU.Build.0 = Release|Any CPU
		{15D90011-B120-4755-BAEF-C208D41E54A3}.Debug|Any CPU.ActiveCfg = Debug|Any CPU
		{15D90011-B120-4755-BAEF-C208D41E54A3}.Debug|Any CPU.Build.0 = Debug|Any CPU
		{15D90011-B120-4755-BAEF-C208D41E54A3}.Release|Any CPU.ActiveCfg = Release|Any CPU
		{15D90011-B120-4755-BAEF-C208D41E54A3}.Release|Any CPU.Build.0 = Release|Any CPU
	EndGlobalSection
	GlobalSection(SolutionProperties) = preSolution
		HideSolutionNode = FALSE
	EndGlobalSection
	GlobalSection(NestedProjects) = preSolution
		{B01484A4-AA59-4FED-89CC-0C39A8F2513A} = {4781CD53-E70C-49E8-A1EE-C2AEE8456937}
		{851E6CD1-DDA7-48EA-B86F-1BBEEE9311D6} = {B01484A4-AA59-4FED-89CC-0C39A8F2513A}
		{76C36329-ABA7-4107-8129-42C40BB875DC} = {851E6CD1-DDA7-48EA-B86F-1BBEEE9311D6}
		{B3ABEF51-3EFC-4FC7-B815-AEA00BB333DF} = {851E6CD1-DDA7-48EA-B86F-1BBEEE9311D6}
		{83E9FDE5-D523-4AD2-A4D1-3839A5260A84} = {851E6CD1-DDA7-48EA-B86F-1BBEEE9311D6}
		{F19D865E-525A-4ED2-84E2-A26E96A3491A} = {851E6CD1-DDA7-48EA-B86F-1BBEEE9311D6}
		{E6BFE860-83EF-4353-BF19-6D71906F7783} = {4781CD53-E70C-49E8-A1EE-C2AEE8456937}
		{74B0A868-CB17-4FAA-9284-74016DFF3DF9} = {E6BFE860-83EF-4353-BF19-6D71906F7783}
		{42732C0C-AE5D-4DCA-A39B-FA832A7BEB60} = {E6BFE860-83EF-4353-BF19-6D71906F7783}
		{56CB6977-6CE7-4D11-8DBB-A67F02BE60DE} = {B01484A4-AA59-4FED-89CC-0C39A8F2513A}
		{403A9E50-E134-4AD0-9C61-6F460F363F95} = {56CB6977-6CE7-4D11-8DBB-A67F02BE60DE}
		{B51C506B-031A-4489-BF03-DD3CB75FCB1A} = {56CB6977-6CE7-4D11-8DBB-A67F02BE60DE}
		{35CEABFF-8826-472A-9F57-A92B0B1CCC59} = {B01484A4-AA59-4FED-89CC-0C39A8F2513A}
		{3F9E62D0-E6DA-44B9-99BB-2449D2A3C7FF} = {35CEABFF-8826-472A-9F57-A92B0B1CCC59}
		{5F4A67E4-4B23-4441-B167-C7A00CABAB1E} = {35CEABFF-8826-472A-9F57-A92B0B1CCC59}
		{4C7942A5-D8BB-4C9C-969A-DB3755AA8991} = {35CEABFF-8826-472A-9F57-A92B0B1CCC59}
		{D190AF56-E445-455E-8630-464CB95329B6} = {35CEABFF-8826-472A-9F57-A92B0B1CCC59}
		{15D90011-B120-4755-BAEF-C208D41E54A3} = {E6BFE860-83EF-4353-BF19-6D71906F7783}
	EndGlobalSection
EndGlobal
